
Microsoft Visual Studio Solution File, Format Version 12.00
# Visual Studio Version 17
VisualStudioVersion = 17.13.35931.197
MinimumVisualStudioVersion = 10.0.40219.1
Project("{2150E333-8FDC-42A3-9474-1A3956D46DE8}") = "src", "src", "{02EA681E-C7D8-13C7-8484-4AC65E1B71E8}"
EndProject
Project("{2150E333-8FDC-42A3-9474-1A3956D46DE8}") = "Services", "Services", "{9535AAE0-E305-4D6B-ACF0-9AD107B6C57F}"
EndProject
Project("{2150E333-8FDC-42A3-9474-1A3956D46DE8}") = "UserManagementService", "UserManagementService", "{FFADD9FC-94D4-4C6A-8CE7-1D6556D6B0EF}"
EndProject
Project("{2150E333-8FDC-42A3-9474-1A3956D46DE8}") = ".github", ".github", "{53A9ADAC-9860-4EAF-A831-5F04A57DCA61}"
EndProject
Project("{2150E333-8FDC-42A3-9474-1A3956D46DE8}") = "workflows", "workflows", "{572CBF5B-6901-420D-8FBE-A00B306C01CF}"
	ProjectSection(SolutionItems) = preProject
		.github\workflows\dotnet.yml = .github\workflows\dotnet.yml
	EndProjectSection
EndProject
Project("{2150E333-8FDC-42A3-9474-1A3956D46DE8}") = "src", "src", "{BF6FFEFE-7957-4F8C-B704-B84AF8C14CDB}"
EndProject
Project("{2150E333-8FDC-42A3-9474-1A3956D46DE8}") = "tests", "tests", "{09BDA8F8-EBAD-41F1-8B4E-966A61C34E0B}"
EndProject
Project("{FAE04EC0-301F-11D3-BF4B-00C04F79EFBC}") = "UsersManagementService.BLL", "src\Services\UserManagementService\src\UsersManagementService.BLL\UsersManagementService.BLL.csproj", "{5C9D331A-1526-A8B5-F67F-F2F5063ACBE6}"
EndProject
Project("{FAE04EC0-301F-11D3-BF4B-00C04F79EFBC}") = "UsersManagementService.Common", "src\Services\UserManagementService\src\UsersManagementService.Common\UsersManagementService.Common.csproj", "{9DF2A7C4-24A3-9860-ABB9-001B473F288A}"
EndProject
Project("{FAE04EC0-301F-11D3-BF4B-00C04F79EFBC}") = "UsersManagementService.DAL", "src\Services\UserManagementService\src\UsersManagementService.DAL\UsersManagementService.DAL.csproj", "{E7E34BF5-4B6A-FC91-4BF0-80BB1A4882B7}"
EndProject
Project("{FAE04EC0-301F-11D3-BF4B-00C04F79EFBC}") = "UsersManagmentService.Presentation", "src\Services\UserManagementService\src\UsersManagmentService.Presentation\UsersManagmentService.Presentation.csproj", "{0AE2B0FC-F642-8CBB-83FF-5A6FCB162432}"
EndProject
Project("{FAE04EC0-301F-11D3-BF4B-00C04F79EFBC}") = "UsersManagementService.BLL.UnitTests", "src\Services\UserManagementService\tests\UsersManagementService.BLL.UnitTests\UsersManagementService.BLL.UnitTests.csproj", "{107A8F45-0B1B-4F4B-9518-5AF225027FF2}"
EndProject
Global
	GlobalSection(SolutionConfigurationPlatforms) = preSolution
		Debug|Any CPU = Debug|Any CPU
		Release|Any CPU = Release|Any CPU
	EndGlobalSection
	GlobalSection(ProjectConfigurationPlatforms) = postSolution
		{5C9D331A-1526-A8B5-F67F-F2F5063ACBE6}.Debug|Any CPU.ActiveCfg = Debug|Any CPU
		{5C9D331A-1526-A8B5-F67F-F2F5063ACBE6}.Debug|Any CPU.Build.0 = Debug|Any CPU
		{5C9D331A-1526-A8B5-F67F-F2F5063ACBE6}.Release|Any CPU.ActiveCfg = Release|Any CPU
		{5C9D331A-1526-A8B5-F67F-F2F5063ACBE6}.Release|Any CPU.Build.0 = Release|Any CPU
		{9DF2A7C4-24A3-9860-ABB9-001B473F288A}.Debug|Any CPU.ActiveCfg = Debug|Any CPU
		{9DF2A7C4-24A3-9860-ABB9-001B473F288A}.Debug|Any CPU.Build.0 = Debug|Any CPU
		{9DF2A7C4-24A3-9860-ABB9-001B473F288A}.Release|Any CPU.ActiveCfg = Release|Any CPU
		{9DF2A7C4-24A3-9860-ABB9-001B473F288A}.Release|Any CPU.Build.0 = Release|Any CPU
		{E7E34BF5-4B6A-FC91-4BF0-80BB1A4882B7}.Debug|Any CPU.ActiveCfg = Debug|Any CPU
		{E7E34BF5-4B6A-FC91-4BF0-80BB1A4882B7}.Debug|Any CPU.Build.0 = Debug|Any CPU
		{E7E34BF5-4B6A-FC91-4BF0-80BB1A4882B7}.Release|Any CPU.ActiveCfg = Release|Any CPU
		{E7E34BF5-4B6A-FC91-4BF0-80BB1A4882B7}.Release|Any CPU.Build.0 = Release|Any CPU
		{0AE2B0FC-F642-8CBB-83FF-5A6FCB162432}.Debug|Any CPU.ActiveCfg = Debug|Any CPU
		{0AE2B0FC-F642-8CBB-83FF-5A6FCB162432}.Debug|Any CPU.Build.0 = Debug|Any CPU
		{0AE2B0FC-F642-8CBB-83FF-5A6FCB162432}.Release|Any CPU.ActiveCfg = Release|Any CPU
		{0AE2B0FC-F642-8CBB-83FF-5A6FCB162432}.Release|Any CPU.Build.0 = Release|Any CPU
		{107A8F45-0B1B-4F4B-9518-5AF225027FF2}.Debug|Any CPU.ActiveCfg = Debug|Any CPU
		{107A8F45-0B1B-4F4B-9518-5AF225027FF2}.Debug|Any CPU.Build.0 = Debug|Any CPU
		{107A8F45-0B1B-4F4B-9518-5AF225027FF2}.Release|Any CPU.ActiveCfg = Release|Any CPU
		{107A8F45-0B1B-4F4B-9518-5AF225027FF2}.Release|Any CPU.Build.0 = Release|Any CPU
	EndGlobalSection
	GlobalSection(SolutionProperties) = preSolution
		HideSolutionNode = FALSE
	EndGlobalSection
	GlobalSection(NestedProjects) = preSolution
		{9535AAE0-E305-4D6B-ACF0-9AD107B6C57F} = {02EA681E-C7D8-13C7-8484-4AC65E1B71E8}
		{FFADD9FC-94D4-4C6A-8CE7-1D6556D6B0EF} = {9535AAE0-E305-4D6B-ACF0-9AD107B6C57F}
		{572CBF5B-6901-420D-8FBE-A00B306C01CF} = {53A9ADAC-9860-4EAF-A831-5F04A57DCA61}
		{BF6FFEFE-7957-4F8C-B704-B84AF8C14CDB} = {FFADD9FC-94D4-4C6A-8CE7-1D6556D6B0EF}
		{09BDA8F8-EBAD-41F1-8B4E-966A61C34E0B} = {FFADD9FC-94D4-4C6A-8CE7-1D6556D6B0EF}
		{5C9D331A-1526-A8B5-F67F-F2F5063ACBE6} = {BF6FFEFE-7957-4F8C-B704-B84AF8C14CDB}
		{9DF2A7C4-24A3-9860-ABB9-001B473F288A} = {BF6FFEFE-7957-4F8C-B704-B84AF8C14CDB}
		{E7E34BF5-4B6A-FC91-4BF0-80BB1A4882B7} = {BF6FFEFE-7957-4F8C-B704-B84AF8C14CDB}
		{0AE2B0FC-F642-8CBB-83FF-5A6FCB162432} = {BF6FFEFE-7957-4F8C-B704-B84AF8C14CDB}
		{107A8F45-0B1B-4F4B-9518-5AF225027FF2} = {09BDA8F8-EBAD-41F1-8B4E-966A61C34E0B}
	EndGlobalSection
	GlobalSection(ExtensibilityGlobals) = postSolution
		SolutionGuid = {F84AEC56-6B41-4350-AF1D-FFC51E3BC36E}
	EndGlobalSection
EndGlobal
