BD3D295B9221
Microsoft Visual Studio Solution File, Format Version 12.00
# Visual Studio Version 17
VisualStudioVersion = 17.13.35931.197
MinimumVisualStudioVersion = 10.0.40219.1
Project("{2150E333-8FDC-42A3-9474-1A3956D46DE8}") = "src", "src", "{02EA681E-C7D8-13C7-8484-4AC65E1B71E8}"
EndProject
Project("{2150E333-8FDC-42A3-9474-1A3956D46DE8}") = "Services", "Services", "{9535AAE0-E305-4D6B-ACF0-9AD107B6C57F}"
EndProject
Project("{2150E333-8FDC-42A3-9474-1A3956D46DE8}") = "UserManagementService", "UserManagementService", "{FFADD9FC-94D4-4C6A-8CE7-1D6556D6B0EF}"
EndProject
Project("{2150E333-8FDC-42A3-9474-1A3956D46DE8}") = ".github", ".github", "{53A9ADAC-9860-4EAF-A831-5F04A57DCA61}"
EndProject
Project("{2150E333-8FDC-42A3-9474-1A3956D46DE8}") = "workflows", "workflows", "{572CBF5B-6901-420D-8FBE-A00B306C01CF}"
	ProjectSection(SolutionItems) = preProject
		.github\workflows\dotnet.yml = .github\workflows\dotnet.yml
	EndProjectSection
EndProject
Project("{2150E333-8FDC-42A3-9474-1A3956D46DE8}") = "src", "src", "{BF6FFEFE-7957-4F8C-B704-B84AF8C14CDB}"
EndProject
Project("{2150E333-8FDC-42A3-9474-1A3956D46DE8}") = "tests", "tests", "{09BDA8F8-EBAD-41F1-8B4E-966A61C34E0B}"
EndProject
Project("{FAE04EC0-301F-11D3-BF4B-00C04F79EFBC}") = "UsersManagementService.BLL", "src\Services\UserManagementService\src\UsersManagementService.BLL\UsersManagementService.BLL.csproj", "{5C9D331A-1526-A8B5-F67F-F2F5063ACBE6}"
EndProject
Project("{FAE04EC0-301F-11D3-BF4B-00C04F79EFBC}") = "UsersManagementService.Common", "src\Services\UserManagementService\src\UsersManagementService.Common\UsersManagementService.Common.csproj", "{9DF2A7C4-24A3-9860-ABB9-001B473F288A}"
EndProject
Project("{FAE04EC0-301F-11D3-BF4B-00C04F79EFBC}") = "UsersManagementService.DAL", "src\Services\UserManagementService\src\UsersManagementService.DAL\UsersManagementService.DAL.csproj", "{E7E34BF5-4B6A-FC91-4BF0-80BB1A4882B7}"
EndProject
Project("{FAE04EC0-301F-11D3-BF4B-00C04F79EFBC}") = "UsersManagementService.BLL.UnitTests", "src\Services\UserManagementService\tests\UsersManagementService.BLL.UnitTests\UsersManagementService.BLL.UnitTests.csproj", "{107A8F45-0B1B-4F4B-9518-5AF225027FF2}"
EndProject
Project("{FAE04EC0-301F-11D3-BF4B-00C04F79EFBC}") = "UsersManagementService.Presentation", "src\Services\UserManagementService\src\UsersManagementService.Presentation\UsersManagementService.Presentation.csproj", "{9E3F6DBE-20FC-4AA0-6603-FD58ABC49A33}"
EndProject
Project("{FAE04EC0-301F-11D3-BF4B-00C04F79EFBC}") = "UsersManagementService.IntegrationTests", "src\Services\UserManagementService\tests\IntegrationTests\UsersManagementService.IntegrationTests.csproj", "{8BFA94AA-FB89-42DC-B57E-53459F44BB09}"
EndProject
Project("{2150E333-8FDC-42A3-9474-1A3956D46DE8}") = "AuthService", "AuthService", "{88E38888-CC60-4AB0-B539-A2EF0F511466}"
EndProject
Project("{2150E333-8FDC-42A3-9474-1A3956D46DE8}") = "src", "src", "{273AE3E0-C0C1-48BE-9727-7F7D84AE2353}"
EndProject
Project("{FAE04EC0-301F-11D3-BF4B-00C04F79EFBC}") = "AuthService.Api", "src\Services\AuthService\src\AuthService.Api\AuthService.Api.csproj", "{40E2DF7D-4330-4558-99C6-350B0411E2CA}"
EndProject
Project("{2150E333-8FDC-42A3-9474-1A3956D46DE8}") = "GamingService", "GamingService", "{63977065-0122-4EA6-8309-ACF2D6911E8E}"
EndProject
Project("{2150E333-8FDC-42A3-9474-1A3956D46DE8}") = "src", "src", "{487ABA41-5400-4500-AF14-BD3D295B9221}"
EndProject
Project("{FAE04EC0-301F-11D3-BF4B-00C04F79EFBC}") = "GamingService.Application", "src\Services\GamingService\src\GamingService.Application\GamingService.Application.csproj", "{6ECC6477-4809-41AF-A63C-3461FD9E6B74}"
EndProject
Project("{FAE04EC0-301F-11D3-BF4B-00C04F79EFBC}") = "GamingService.Core", "src\Services\GamingService\src\GamingService.Core\GamingService.Core.csproj", "{F499ED81-01EE-40F3-992D-10BAE5FCCE41}"
EndProject
Project("{FAE04EC0-301F-11D3-BF4B-00C04F79EFBC}") = "GamingService.Presentation", "src\Services\GamingService\src\GamingService.Presentation\GamingService.Presentation.csproj", "{AE7A0C46-154E-4950-A245-48C147F6B8CC}"
EndProject
Project("{FAE04EC0-301F-11D3-BF4B-00C04F79EFBC}") = "GamingService.DataAccess", "src\Services\GamingService\src\GamingService.DataAccess\GamingService.DataAccess.csproj", "{A51F075E-695C-9833-EC2D-95AFAC3F89FA}"
EndProject
Project("{2150E333-8FDC-42A3-9474-1A3956D46DE8}") = "Libraries", "Libraries", "{57C7920E-3980-46F0-8EF1-B7EC5F01AFC2}"
EndProject
Project("{2150E333-8FDC-42A3-9474-1A3956D46DE8}") = "Mapping", "Mapping", "{4074A819-A42F-4C12-99A1-8A499213C11A}"
EndProject
Project("{FAE04EC0-301F-11D3-BF4B-00C04F79EFBC}") = "GamingService.Mapping", "src\Libraries\Mapping\GamingService.Mapping\GamingService.Mapping.csproj", "{F2915A52-D6EA-4558-A7CA-EA7233D7C803}"
EndProject
Global
	GlobalSection(SolutionConfigurationPlatforms) = preSolution
		Debug|Any CPU = Debug|Any CPU
		Release|Any CPU = Release|Any CPU
	EndGlobalSection
	GlobalSection(ProjectConfigurationPlatforms) = postSolution
		{5C9D331A-1526-A8B5-F67F-F2F5063ACBE6}.Debug|Any CPU.ActiveCfg = Debug|Any CPU
		{5C9D331A-1526-A8B5-F67F-F2F5063ACBE6}.Debug|Any CPU.Build.0 = Debug|Any CPU
		{5C9D331A-1526-A8B5-F67F-F2F5063ACBE6}.Release|Any CPU.ActiveCfg = Release|Any CPU
		{5C9D331A-1526-A8B5-F67F-F2F5063ACBE6}.Release|Any CPU.Build.0 = Release|Any CPU
		{9DF2A7C4-24A3-9860-ABB9-001B473F288A}.Debug|Any CPU.ActiveCfg = Debug|Any CPU
		{9DF2A7C4-24A3-9860-ABB9-001B473F288A}.Debug|Any CPU.Build.0 = Debug|Any CPU
		{9DF2A7C4-24A3-9860-ABB9-001B473F288A}.Release|Any CPU.ActiveCfg = Release|Any CPU
		{9DF2A7C4-24A3-9860-ABB9-001B473F288A}.Release|Any CPU.Build.0 = Release|Any CPU
		{E7E34BF5-4B6A-FC91-4BF0-80BB1A4882B7}.Debug|Any CPU.ActiveCfg = Debug|Any CPU
		{E7E34BF5-4B6A-FC91-4BF0-80BB1A4882B7}.Debug|Any CPU.Build.0 = Debug|Any CPU
		{E7E34BF5-4B6A-FC91-4BF0-80BB1A4882B7}.Release|Any CPU.ActiveCfg = Release|Any CPU
		{E7E34BF5-4B6A-FC91-4BF0-80BB1A4882B7}.Release|Any CPU.Build.0 = Release|Any CPU
		{107A8F45-0B1B-4F4B-9518-5AF225027FF2}.Debug|Any CPU.ActiveCfg = Debug|Any CPU
		{107A8F45-0B1B-4F4B-9518-5AF225027FF2}.Debug|Any CPU.Build.0 = Debug|Any CPU
		{107A8F45-0B1B-4F4B-9518-5AF225027FF2}.Release|Any CPU.ActiveCfg = Release|Any CPU
		{107A8F45-0B1B-4F4B-9518-5AF225027FF2}.Release|Any CPU.Build.0 = Release|Any CPU
		{9E3F6DBE-20FC-4AA0-6603-FD58ABC49A33}.Debug|Any CPU.ActiveCfg = Debug|Any CPU
		{9E3F6DBE-20FC-4AA0-6603-FD58ABC49A33}.Debug|Any CPU.Build.0 = Debug|Any CPU
		{9E3F6DBE-20FC-4AA0-6603-FD58ABC49A33}.Release|Any CPU.ActiveCfg = Release|Any CPU
		{9E3F6DBE-20FC-4AA0-6603-FD58ABC49A33}.Release|Any CPU.Build.0 = Release|Any CPU
		{8BFA94AA-FB89-42DC-B57E-53459F44BB09}.Debug|Any CPU.ActiveCfg = Debug|Any CPU
		{8BFA94AA-FB89-42DC-B57E-53459F44BB09}.Debug|Any CPU.Build.0 = Debug|Any CPU
		{8BFA94AA-FB89-42DC-B57E-53459F44BB09}.Release|Any CPU.ActiveCfg = Release|Any CPU
		{8BFA94AA-FB89-42DC-B57E-53459F44BB09}.Release|Any CPU.Build.0 = Release|Any CPU
		{40E2DF7D-4330-4558-99C6-350B0411E2CA}.Debug|Any CPU.ActiveCfg = Debug|Any CPU
		{40E2DF7D-4330-4558-99C6-350B0411E2CA}.Debug|Any CPU.Build.0 = Debug|Any CPU
		{40E2DF7D-4330-4558-99C6-350B0411E2CA}.Release|Any CPU.ActiveCfg = Release|Any CPU
		{40E2DF7D-4330-4558-99C6-350B0411E2CA}.Release|Any CPU.Build.0 = Release|Any CPU
		{6ECC6477-4809-41AF-A63C-3461FD9E6B74}.Debug|Any CPU.ActiveCfg = Debug|Any CPU
		{6ECC6477-4809-41AF-A63C-3461FD9E6B74}.Debug|Any CPU.Build.0 = Debug|Any CPU
		{6ECC6477-4809-41AF-A63C-3461FD9E6B74}.Release|Any CPU.ActiveCfg = Release|Any CPU
		{6ECC6477-4809-41AF-A63C-3461FD9E6B74}.Release|Any CPU.Build.0 = Release|Any CPU
		{F499ED81-01EE-40F3-992D-10BAE5FCCE41}.Debug|Any CPU.ActiveCfg = Debug|Any CPU
		{F499ED81-01EE-40F3-992D-10BAE5FCCE41}.Debug|Any CPU.Build.0 = Debug|Any CPU
		{F499ED81-01EE-40F3-992D-10BAE5FCCE41}.Release|Any CPU.ActiveCfg = Release|Any CPU
		{F499ED81-01EE-40F3-992D-10BAE5FCCE41}.Release|Any CPU.Build.0 = Release|Any CPU
		{AE7A0C46-154E-4950-A245-48C147F6B8CC}.Debug|Any CPU.ActiveCfg = Debug|Any CPU
		{AE7A0C46-154E-4950-A245-48C147F6B8CC}.Debug|Any CPU.Build.0 = Debug|Any CPU
		{AE7A0C46-154E-4950-A245-48C147F6B8CC}.Release|Any CPU.ActiveCfg = Release|Any CPU
		{AE7A0C46-154E-4950-A245-48C147F6B8CC}.Release|Any CPU.Build.0 = Release|Any CPU
		{A51F075E-695C-9833-EC2D-95AFAC3F89FA}.Debug|Any CPU.ActiveCfg = Debug|Any CPU
		{A51F075E-695C-9833-EC2D-95AFAC3F89FA}.Debug|Any CPU.Build.0 = Debug|Any CPU
		{A51F075E-695C-9833-EC2D-95AFAC3F89FA}.Release|Any CPU.ActiveCfg = Release|Any CPU
		{A51F075E-695C-9833-EC2D-95AFAC3F89FA}.Release|Any CPU.Build.0 = Release|Any CPU
		{D4D69092-BB51-AF60-E660-1C04D9FC433D}.Debug|Any CPU.ActiveCfg = Debug|Any CPU
		{D4D69092-BB51-AF60-E660-1C04D9FC433D}.Debug|Any CPU.Build.0 = Debug|Any CPU
		{D4D69092-BB51-AF60-E660-1C04D9FC433D}.Release|Any CPU.ActiveCfg = Release|Any CPU
		{D4D69092-BB51-AF60-E660-1C04D9FC433D}.Release|Any CPU.Build.0 = Release|Any CPU
		{F2915A52-D6EA-4558-A7CA-EA7233D7C803}.Debug|Any CPU.ActiveCfg = Debug|Any CPU
		{F2915A52-D6EA-4558-A7CA-EA7233D7C803}.Debug|Any CPU.Build.0 = Debug|Any CPU
		{F2915A52-D6EA-4558-A7CA-EA7233D7C803}.Release|Any CPU.ActiveCfg = Release|Any CPU
		{F2915A52-D6EA-4558-A7CA-EA7233D7C803}.Release|Any CPU.Build.0 = Release|Any CPU
		{4C3EBE6C-1078-D06F-A39F-D49280B78ACA}.Debug|Any CPU.ActiveCfg = Debug|Any CPU
		{4C3EBE6C-1078-D06F-A39F-D49280B78ACA}.Debug|Any CPU.Build.0 = Debug|Any CPU
		{4C3EBE6C-1078-D06F-A39F-D49280B78ACA}.Release|Any CPU.ActiveCfg = Release|Any CPU
		{4C3EBE6C-1078-D06F-A39F-D49280B78ACA}.Release|Any CPU.Build.0 = Release|Any CPU
	EndGlobalSection
	GlobalSection(SolutionProperties) = preSolution
		HideSolutionNode = FALSE
	EndGlobalSection
	GlobalSection(NestedProjects) = preSolution
		{9535AAE0-E305-4D6B-ACF0-9AD107B6C57F} = {02EA681E-C7D8-13C7-8484-4AC65E1B71E8}
		{FFADD9FC-94D4-4C6A-8CE7-1D6556D6B0EF} = {9535AAE0-E305-4D6B-ACF0-9AD107B6C57F}
		{572CBF5B-6901-420D-8FBE-A00B306C01CF} = {53A9ADAC-9860-4EAF-A831-5F04A57DCA61}
		{BF6FFEFE-7957-4F8C-B704-B84AF8C14CDB} = {FFADD9FC-94D4-4C6A-8CE7-1D6556D6B0EF}
		{09BDA8F8-EBAD-41F1-8B4E-966A61C34E0B} = {FFADD9FC-94D4-4C6A-8CE7-1D6556D6B0EF}
		{5C9D331A-1526-A8B5-F67F-F2F5063ACBE6} = {BF6FFEFE-7957-4F8C-B704-B84AF8C14CDB}
		{9DF2A7C4-24A3-9860-ABB9-001B473F288A} = {BF6FFEFE-7957-4F8C-B704-B84AF8C14CDB}
		{E7E34BF5-4B6A-FC91-4BF0-80BB1A4882B7} = {BF6FFEFE-7957-4F8C-B704-B84AF8C14CDB}
		{107A8F45-0B1B-4F4B-9518-5AF225027FF2} = {09BDA8F8-EBAD-41F1-8B4E-966A61C34E0B}
		{9E3F6DBE-20FC-4AA0-6603-FD58ABC49A33} = {BF6FFEFE-7957-4F8C-B704-B84AF8C14CDB}
		{8BFA94AA-FB89-42DC-B57E-53459F44BB09} = {09BDA8F8-EBAD-41F1-8B4E-966A61C34E0B}
		{88E38888-CC60-4AB0-B539-A2EF0F511466} = {9535AAE0-E305-4D6B-ACF0-9AD107B6C57F}
		{273AE3E0-C0C1-48BE-9727-7F7D84AE2353} = {88E38888-CC60-4AB0-B539-A2EF0F511466}
		{40E2DF7D-4330-4558-99C6-350B0411E2CA} = {273AE3E0-C0C1-48BE-9727-7F7D84AE2353}
		{63977065-0122-4EA6-8309-ACF2D6911E8E} = {9535AAE0-E305-4D6B-ACF0-9AD107B6C57F}
		{487ABA41-5400-4500-AF14-BD3D295B9221} = {63977065-0122-4EA6-8309-ACF2D6911E8E}
		{6ECC6477-4809-41AF-A63C-3461FD9E6B74} = {487ABA41-5400-4500-AF14-BD3D295B9221}
		{F499ED81-01EE-40F3-992D-10BAE5FCCE41} = {487ABA41-5400-4500-AF14-BD3D295B9221}
		{AE7A0C46-154E-4950-A245-48C147F6B8CC} = {487ABA41-5400-4500-AF14-BD3D295B9221}
		{A51F075E-695C-9833-EC2D-95AFAC3F89FA} = {487ABA41-5400-4500-AF14-BD3D295B9221}
		{57C7920E-3980-46F0-8EF1-B7EC5F01AFC2} = {02EA681E-C7D8-13C7-8484-4AC65E1B71E8}
		{D7AC02C2-E93C-490A-BB19-F402484F8700} = {57C7920E-3980-46F0-8EF1-B7EC5F01AFC2}
		{4074A819-A42F-4C12-99A1-8A499213C11A} = {57C7920E-3980-46F0-8EF1-B7EC5F01AFC2}
		{F2915A52-D6EA-4558-A7CA-EA7233D7C803} = {4074A819-A42F-4C12-99A1-8A499213C11A}
		{4C3EBE6C-1078-D06F-A39F-D49280B78ACA} = {D7AC02C2-E93C-490A-BB19-F402484F8700}
	EndGlobalSection
	GlobalSection(ExtensibilityGlobals) = postSolution
		SolutionGuid = {F84AEC56-6B41-4350-AF1D-FFC51E3BC36E}
	EndGlobalSection
EndGlobal
